Microsoft Visual Studio Solution File, Format Version 12.00
# Visual Studio 15
VisualStudioVersion = 15.0.26124.0
MinimumVisualStudioVersion = 15.0.26124.0
Project("{9A19103F-16F7-4668-BE54-9A1E7A4F7556}") = "FindOperations", "FindOperations\FindOperations.csproj", "{42A5429C-9ECD-4A74-8109-13DACEB2BCB2}"
EndProject
Project("{9A19103F-16F7-4668-BE54-9A1E7A4F7556}") = "FindOperations.Tests", "FindOperations.Tests\FindOperations.Tests.csproj", "{EC0B2C96-51D6-477C-A90C-A954ED2025DB}"
EndProject
Global
	GlobalSection(SolutionConfigurationPlatforms) = preSolution
		Debug|Any CPU = Debug|Any CPU
		Release|Any CPU = Release|Any CPU
	EndGlobalSection
	GlobalSection(ProjectConfigurationPlatforms) = postSolution
		{42A5429C-9ECD-4A74-8109-13DACEB2BCB2}.Debug|Any CPU.ActiveCfg = Debug|Any CPU
		{42A5429C-9ECD-4A74-8109-13DACEB2BCB2}.Debug|Any CPU.Build.0 = Debug|Any CPU
		{42A5429C-9ECD-4A74-8109-13DACEB2BCB2}.Release|Any CPU.ActiveCfg = Release|Any CPU
		{42A5429C-9ECD-4A74-8109-13DACEB2BCB2}.Release|Any CPU.Build.0 = Release|Any CPU
		{EC0B2C96-51D6-477C-A90C-A954ED2025DB}.Debug|Any CPU.ActiveCfg = Debug|Any CPU
		{EC0B2C96-51D6-477C-A90C-A954ED2025DB}.Debug|Any CPU.Build.0 = Debug|Any CPU
		{EC0B2C96-51D6-477C-A90C-A954ED2025DB}.Release|Any CPU.ActiveCfg = Release|Any CPU
		{EC0B2C96-51D6-477C-A90C-A954ED2025DB}.Release|Any CPU.Build.0 = Release|Any CPU
	EndGlobalSection
	GlobalSection(SolutionProperties) = preSolution
		HideSolutionNode = FALSE
	EndGlobalSection
	GlobalSection(ExtensibilityGlobals) = postSolution
		SolutionGuid = {4D5EC55F-8444-402C-90B6-FA40E9BC99E5}
	EndGlobalSection
EndGlobal
